// !$*UTF8*$!
{
	archiveVersion = 1;
	classes = {
	};
	objectVersion = 48;
	objects = {

/* Begin PBXBuildFile section */
		339D13F42167835D00972B97 /* AppDelegate.swift in Sources */ = {isa = PBXBuildFile; fileRef = 339D13F32167835D00972B97 /* AppDelegate.swift */; };
		339D13F62167835D00972B97 /* ViewController.swift in Sources */ = {isa = PBXBuildFile; fileRef = 339D13F52167835D00972B97 /* ViewController.swift */; };
		339D13F92167835D00972B97 /* Main.storyboard in Resources */ = {isa = PBXBuildFile; fileRef = 339D13F72167835D00972B97 /* Main.storyboard */; };
		339D13FB2167835D00972B97 /* Assets.xcassets in Resources */ = {isa = PBXBuildFile; fileRef = 339D13FA2167835D00972B97 /* Assets.xcassets */; };
		339D13FE2167835D00972B97 /* LaunchScreen.storyboard in Resources */ = {isa = PBXBuildFile; fileRef = 339D13FC2167835D00972B97 /* LaunchScreen.storyboard */; };
		339D140A2167969200972B97 /* BorderButton.swift in Sources */ = {isa = PBXBuildFile; fileRef = 339D14092167969200972B97 /* BorderButton.swift */; };
/* End PBXBuildFile section */

/* Begin PBXFileReference section */
		339D13F02167835D00972B97 /* app-swoosh.app */ = {isa = PBXFileReference; explicitFileType = wrapper.application; includeInIndex = 0; path = "app-swoosh.app"; sourceTree = BUILT_PRODUCTS_DIR; };
		339D13F32167835D00972B97 /* AppDelegate.swift */ = {isa = PBXFileReference; lastKnownFileType = sourcecode.swift; path = AppDelegate.swift; sourceTree = "<group>"; };
		339D13F52167835D00972B97 /* ViewController.swift */ = {isa = PBXFileReference; lastKnownFileType = sourcecode.swift; path = ViewController.swift; sourceTree = "<group>"; };
		339D13F82167835D00972B97 /* Base */ = {isa = PBXFileReference; lastKnownFileType = file.storyboard; name = Base; path = Base.lproj/Main.storyboard; sourceTree = "<group>"; };
		339D13FA2167835D00972B97 /* Assets.xcassets */ = {isa = PBXFileReference; lastKnownFileType = folder.assetcatalog; path = Assets.xcassets; sourceTree = "<group>"; };
		339D13FD2167835D00972B97 /* Base */ = {isa = PBXFileReference; lastKnownFileType = file.storyboard; name = Base; path = Base.lproj/LaunchScreen.storyboard; sourceTree = "<group>"; };
		339D13FF2167835D00972B97 /* Info.plist */ = {isa = PBXFileReference; lastKnownFileType = text.plist.xml; path = Info.plist; sourceTree = "<group>"; };
		339D14092167969200972B97 /* BorderButton.swift */ = {isa = PBXFileReference; lastKnownFileType = sourcecode.swift; path = BorderButton.swift; sourceTree = "<group>"; };
/* End PBXFileReference section */

/* Begin PBXFrameworksBuildPhase section */
		339D13ED2167835D00972B97 /* Frameworks */ = {
			isa = PBXFrameworksBuildPhase;
			buildActionMask = 2147483647;
			files = (
			);
			runOnlyForDeploymentPostprocessing = 0;
		};
/* End PBXFrameworksBuildPhase section */

/* Begin PBXGroup section */
		339D13E72167835D00972B97 = {
			isa = PBXGroup;
			children = (
				339D13F22167835D00972B97 /* app-swoosh */,
				339D13F12167835D00972B97 /* Products */,
			);
			sourceTree = "<group>";
		};
		339D13F12167835D00972B97 /* Products */ = {
			isa = PBXGroup;
			children = (
				339D13F02167835D00972B97 /* app-swoosh.app */,
			);
			name = Products;
			sourceTree = "<group>";
		};
		339D13F22167835D00972B97 /* app-swoosh */ = {
			isa = PBXGroup;
			children = (
				339D1408216795A800972B97 /* Views */,
				339D13F32167835D00972B97 /* AppDelegate.swift */,
				339D13F52167835D00972B97 /* ViewController.swift */,
				339D13F72167835D00972B97 /* Main.storyboard */,
				339D13FA2167835D00972B97 /* Assets.xcassets */,
				339D13FC2167835D00972B97 /* LaunchScreen.storyboard */,
				339D13FF2167835D00972B97 /* Info.plist */,
			);
			path = "app-swoosh";
			sourceTree = "<group>";
		};
		339D1408216795A800972B97 /* Views */ = {
			isa = PBXGroup;
			children = (
				339D14092167969200972B97 /* BorderButton.swift */,
			);
			path = Views;
			sourceTree = "<group>";
		};
/* End PBXGroup section */

/* Begin PBXNativeTarget section */
		339D13EF2167835D00972B97 /* app-swoosh */ = {
			isa = PBXNativeTarget;
			buildConfigurationList = 339D14022167835D00972B97 /* Build configuration list for PBXNativeTarget "app-swoosh" */;
			buildPhases = (
				339D13EC2167835D00972B97 /* Sources */,
				339D13ED2167835D00972B97 /* Frameworks */,
				339D13EE2167835D00972B97 /* Resources */,
			);
			buildRules = (
			);
			dependencies = (
			);
			name = "app-swoosh";
			productName = "app-swoosh";
			productReference = 339D13F02167835D00972B97 /* app-swoosh.app */;
			productType = "com.apple.product-type.application";
		};
/* End PBXNativeTarget section */

/* Begin PBXProject section */
		339D13E82167835D00972B97 /* Project object */ = {
			isa = PBXProject;
			attributes = {
				LastSwiftUpdateCheck = 0920;
				LastUpgradeCheck = 0920;
				ORGANIZATIONNAME = "Development Verizon";
				TargetAttributes = {
					339D13EF2167835D00972B97 = {
						CreatedOnToolsVersion = 9.2;
						ProvisioningStyle = Automatic;
					};
				};
			};
			buildConfigurationList = 339D13EB2167835D00972B97 /* Build configuration list for PBXProject "app-swoosh" */;
			compatibilityVersion = "Xcode 8.0";
			developmentRegion = en;
			hasScannedForEncodings = 0;
			knownRegions = (
				en,
				Base,
			);
			mainGroup = 339D13E72167835D00972B97;
			productRefGroup = 339D13F12167835D00972B97 /* Products */;
			projectDirPath = "";
			projectRoot = "";
			targets = (
				339D13EF2167835D00972B97 /* app-swoosh */,
			);
		};
/* End PBXProject section */

/* Begin PBXResourcesBuildPhase section */
		339D13EE2167835D00972B97 /* Resources */ = {
			isa = PBXResourcesBuildPhase;
			buildActionMask = 2147483647;
			files = (
				339D13FE2167835D00972B97 /* LaunchScreen.storyboard in Resources */,
				339D13FB2167835D00972B97 /* Assets.xcassets in Resources */,
				339D13F92167835D00972B97 /* Main.storyboard in Resources */,
			);
			runOnlyForDeploymentPostprocessing = 0;
		};
/* End PBXResourcesBuildPhase section */

/* Begin PBXSourcesBuildPhase section */
		339D13EC2167835D00972B97 /* Sources */ = {
			isa = PBXSourcesBuildPhase;
			buildActionMask = 2147483647;
			files = (
				339D13F62167835D00972B97 /* ViewController.swift in Sources */,
				339D13F42167835D00972B97 /* AppDelegate.swift in Sources */,
				339D140A2167969200972B97 /* BorderButton.swift in Sources */,
			);
			runOnlyForDeploymentPostprocessing = 0;
		};
/* End PBXSourcesBuildPhase section */

/* Begin PBXVariantGroup section */
		339D13F72167835D00972B97 /* Main.storyboard */ = {
			isa = PBXVariantGroup;
			children = (
				339D13F82167835D00972B97 /* Base */,
			);
			name = Main.storyboard;
			sourceTree = "<group>";
		};
		339D13FC2167835D00972B97 /* LaunchScreen.storyboard */ = {
			isa = PBXVariantGroup;
			children = (
				339D13FD2167835D00972B97 /* Base */,
			);
			name = LaunchScreen.storyboard;
			sourceTree = "<group>";
		};
/* End PBXVariantGroup section */

/* Begin XCBuildConfiguration section */
		339D14002167835D00972B97 /* Debug */ = {
			isa = XCBuildConfiguration;
			buildSettings = {
				ALWAYS_SEARCH_USER_PATHS = NO;
				CLANG_ANALYZER_NONNULL = YES;
				CLANG_ANALYZER_NUMBER_OBJECT_CONVERSION = YES_AGGRESSIVE;
				CLANG_CXX_LANGUAGE_STANDARD = "gnu++14";
				CLANG_CXX_LIBRARY = "libc++";
				CLANG_ENABLE_MODULES = YES;
				CLANG_ENABLE_OBJC_ARC = YES;
				CLANG_WARN_BLOCK_CAPTURE_AUTORELEASING = YES;
				CLANG_WARN_BOOL_CONVERSION = YES;
				CLANG_WARN_COMMA = YES;
				CLANG_WARN_CONSTANT_CONVERSION = YES;
				CLANG_WARN_DIRECT_OBJC_ISA_USAGE = YES_ERROR;
				CLANG_WARN_DOCUMENTATION_COMMENTS = YES;
				CLANG_WARN_EMPTY_BODY = YES;
				CLANG_WARN_ENUM_CONVERSION = YES;
				CLANG_WARN_INFINITE_RECURSION = YES;
				CLANG_WARN_INT_CONVERSION = YES;
				CLANG_WARN_NON_LITERAL_NULL_CONVERSION = YES;
				CLANG_WARN_OBJC_LITERAL_CONVERSION = YES;
				CLANG_WARN_OBJC_ROOT_CLASS = YES_ERROR;
				CLANG_WARN_RANGE_LOOP_ANALYSIS = YES;
				CLANG_WARN_STRICT_PROTOTYPES = YES;
				CLANG_WARN_SUSPICIOUS_MOVE = YES;
				CLANG_WARN_UNGUARDED_AVAILABILITY = YES_AGGRESSIVE;
				CLANG_WARN_UNREACHABLE_CODE = YES;
				CLANG_WARN__DUPLICATE_METHOD_MATCH = YES;
				CODE_SIGN_IDENTITY = "iPhone Developer";
				COPY_PHASE_STRIP = NO;
				DEBUG_INFORMATION_FORMAT = dwarf;
				ENABLE_STRICT_OBJC_MSGSEND = YES;
				ENABLE_TESTABILITY = YES;
				GCC_C_LANGUAGE_STANDARD = gnu11;
				GCC_DYNAMIC_NO_PIC = NO;
				GCC_NO_COMMON_BLOCKS = YES;
				GCC_OPTIMIZATION_LEVEL = 0;
				GCC_PREPROCESSOR_DEFINITIONS = (
					"DEBUG=1",
					"$(inherited)",
				);
				GCC_WARN_64_TO_32_BIT_CONVERSION = YES;
				GCC_WARN_ABOUT_RETURN_TYPE = YES_ERROR;
				GCC_WARN_UNDECLARED_SELECTOR = YES;
				GCC_WARN_UNINITIALIZED_AUTOS = YES_AGGRESSIVE;
				GCC_WARN_UNUSED_FUNCTION = YES;
				GCC_WARN_UNUSED_VARIABLE = YES;
				IPHONEOS_DEPLOYMENT_TARGET = 11.2;
				MTL_ENABLE_DEBUG_INFO = YES;
				ONLY_ACTIVE_ARCH = YES;
				SDKROOT = iphoneos;
				SWIFT_ACTIVE_COMPILATION_CONDITIONS = DEBUG;
				SWIFT_OPTIMIZATION_LEVEL = "-Onone";
			};
			name = Debug;
		};
		339D14012167835D00972B97 /* Release */ = {
			isa = XCBuildConfiguration;
			buildSettings = {
				ALWAYS_SEARCH_USER_PATHS = NO;
				CLANG_ANALYZER_NONNULL = YES;
				CLANG_ANALYZER_NUMBER_OBJECT_CONVERSION = YES_AGGRESSIVE;
				CLANG_CXX_LANGUAGE_STANDARD = "gnu++14";
				CLANG_CXX_LIBRARY = "libc++";
				CLANG_ENABLE_MODULES = YES;
				CLANG_ENABLE_OBJC_ARC = YES;
				CLANG_WARN_BLOCK_CAPTURE_AUTORELEASING = YES;
				CLANG_WARN_BOOL_CONVERSION = YES;
				CLANG_WARN_COMMA = YES;
				CLANG_WARN_CONSTANT_CONVERSION = YES;
				CLANG_WARN_DIRECT_OBJC_ISA_USAGE = YES_ERROR;
				CLANG_WARN_DOCUMENTATION_COMMENTS = YES;
				CLANG_WARN_EMPTY_BODY = YES;
				CLANG_WARN_ENUM_CONVERSION = YES;
				CLANG_WARN_INFINITE_RECURSION = YES;
				CLANG_WARN_INT_CONVERSION = YES;
				CLANG_WARN_NON_LITERAL_NULL_CONVERSION = YES;
				CLANG_WARN_OBJC_LITERAL_CONVERSION = YES;
				CLANG_WARN_OBJC_ROOT_CLASS = YES_ERROR;
				CLANG_WARN_RANGE_LOOP_ANALYSIS = YES;
				CLANG_WARN_STRICT_PROTOTYPES = YES;
				CLANG_WARN_SUSPICIOUS_MOVE = YES;
				CLANG_WARN_UNGUARDED_AVAILABILITY = YES_AGGRESSIVE;
				CLANG_WARN_UNREACHABLE_CODE = YES;
				CLANG_WARN__DUPLICATE_METHOD_MATCH = YES;
				CODE_SIGN_IDENTITY = "iPhone Developer";
				COPY_PHASE_STRIP = NO;
				DEBUG_INFORMATION_FORMAT = "dwarf-with-dsym";
				ENABLE_NS_ASSERTIONS = NO;
				ENABLE_STRICT_OBJC_MSGSEND = YES;
				GCC_C_LANGUAGE_STANDARD = gnu11;
				GCC_NO_COMMON_BLOCKS = YES;
				GCC_WARN_64_TO_32_BIT_CONVERSION = YES;
				GCC_WARN_ABOUT_RETURN_TYPE = YES_ERROR;
				GCC_WARN_UNDECLARED_SELECTOR = YES;
				GCC_WARN_UNINITIALIZED_AUTOS = YES_AGGRESSIVE;
				GCC_WARN_UNUSED_FUNCTION = YES;
				GCC_WARN_UNUSED_VARIABLE = YES;
				IPHONEOS_DEPLOYMENT_TARGET = 11.2;
				MTL_ENABLE_DEBUG_INFO = NO;
				SDKROOT = iphoneos;
				SWIFT_OPTIMIZATION_LEVEL = "-Owholemodule";
				VALIDATE_PRODUCT = YES;
			};
			name = Release;
		};
		339D14032167835D00972B97 /* Debug */ = {
			isa = XCBuildConfiguration;
			buildSettings = {
				ASSETCATALOG_COMPILER_APPICON_NAME = AppIcon;
				CODE_SIGN_STYLE = Automatic;
				DEVELOPMENT_TEAM = 9XA29B6V3Y;
				INFOPLIST_FILE = "app-swoosh/Info.plist";
				LD_RUNPATH_SEARCH_PATHS = "$(inherited) @executable_path/Frameworks";
				PRODUCT_BUNDLE_IDENTIFIER = "flia.app-swoosh";
				PRODUCT_NAME = "$(TARGET_NAME)";
				SWIFT_VERSION = 4.0;
				TARGETED_DEVICE_FAMILY = "1,2";
			};
			name = Debug;
		};
		339D14042167835D00972B97 /* Release */ = {
			isa = XCBuildConfiguration;
			buildSettings = {
				ASSETCATALOG_COMPILER_APPICON_NAME = AppIcon;
				CODE_SIGN_STYLE = Automatic;
				DEVELOPMENT_TEAM = 9XA29B6V3Y;
				INFOPLIST_FILE = "app-swoosh/Info.plist";
				LD_RUNPATH_SEARCH_PATHS = "$(inherited) @executable_path/Frameworks";
				PRODUCT_BUNDLE_IDENTIFIER = "flia.app-swoosh";
				PRODUCT_NAME = "$(TARGET_NAME)";
				SWIFT_VERSION = 4.0;
				TARGETED_DEVICE_FAMILY = "1,2";
			};
			name = Release;
		};
/* End XCBuildConfiguration section */

/* Begin XCConfigurationList section */
		339D13EB2167835D00972B97 /* Build configuration list for PBXProject "app-swoosh" */ = {
			isa = XCConfigurationList;
			buildConfigurations = (
				339D14002167835D00972B97 /* Debug */,
				339D14012167835D00972B97 /* Release */,
			);
			defaultConfigurationIsVisible = 0;
			defaultConfigurationName = Release;
		};
		339D14022167835D00972B97 /* Build configuration list for PBXNativeTarget "app-swoosh" */ = {
			isa = XCConfigurationList;
			buildConfigurations = (
				339D14032167835D00972B97 /* Debug */,
				339D14042167835D00972B97 /* Release */,
			);
			defaultConfigurationIsVisible = 0;
			defaultConfigurationName = Release;
		};
/* End XCConfigurationList section */
	};
	rootObject = 339D13E82167835D00972B97 /* Project object */;
}
